{
  "nodes": {
    "home-manager": {
      "inputs": {
        "nixpkgs": [
          "nixpkgs"
        ]
      },
      "locked": {
        "lastModified": 1746727295,
        "narHash": "sha256-0364XVBdfEA8rWfqEPvsgBqGFfq5r9LAo9CS9tvT7tg=",
        "owner": "nix-community",
        "repo": "home-manager",
        "rev": "a51598236f23c89e59ee77eb8e0614358b0e896c",
        "type": "github"
      },
      "original": {
        "owner": "nix-community",
        "repo": "home-manager",
        "type": "github"
      }
    },
    "nixpkgs": {
      "locked": {
        "lastModified": 1746592047,
        "narHash": "sha256-GYYT5Pc+sZZWomgC7EgDSNSfmXd9Jby9nXQ6bAswUCg=",
        "owner": "nixos",
        "repo": "nixpkgs",
        "rev": "8fcc71459655f2486b3da197b8d6a62f595a33d2",
        "type": "github"
      },
      "original": {
        "owner": "nixos",
        "ref": "nixos-unstable",
        "repo": "nixpkgs",
        "type": "github"
      }
    },
    "root": {
      "inputs": {
        "home-manager": "home-manager",
        "nixpkgs": "nixpkgs",
        "spicetify-nix": "spicetify-nix"
      }
    },
    "spicetify-nix": {
      "inputs": {
        "nixpkgs": [
          "nixpkgs"
        ],
        "systems": "systems"
      },
      "locked": {
        "lastModified": 1746738008,
        "narHash": "sha256-bIMysaVhNyjuFgt8QpnGZv0T4YMao26Vz5R/xfYAJO0=",
        "owner": "Gerg-L",
        "repo": "spicetify-nix",
        "rev": "a43fae27f33f8d3e793a6ca2946190cb24a00b03",
        "type": "github"
      },
      "original": {
        "owner": "Gerg-L",
        "repo": "spicetify-nix",
        "type": "github"
      }
    },
    "systems": {
      "locked": {
        "lastModified": 1681028828,
        "narHash": "sha256-Vy1rq5AaRuLzOxct8nz4T6wlgyUR7zLU309k9mBC768=",
        "owner": "nix-systems",
        "repo": "default",
        "rev": "da67096a3b9bf56a91d16901293e51ba5b49a27e",
        "type": "github"
      },
      "original": {
        "owner": "nix-systems",
        "repo": "default",
        "type": "github"
      }
    }
  },
  "root": "root",
  "version": 7
}
